
Microsoft Visual Studio Solution File, Format Version 12.00
# Visual Studio 2013
VisualStudioVersion = 12.0.30110.0
MinimumVisualStudioVersion = 10.0.40219.1
Project("{2150E333-8FDC-42A3-9474-1A3956D46DE8}") = ".nuget", ".nuget", "{B1786EF6-C31E-41F2-BBB8-388CC0A31E70}"
	ProjectSection(SolutionItems) = preProject
		.nuget\NuGet.Config = .nuget\NuGet.Config
		.nuget\NuGet.exe = .nuget\NuGet.exe
		.nuget\NuGet.targets = .nuget\NuGet.targets
	EndProjectSection
EndProject
Project("{2150E333-8FDC-42A3-9474-1A3956D46DE8}") = "UI", "UI", "{1EA4B090-A57E-437E-AB2A-ACCC3F550988}"
EndProject
Project("{2150E333-8FDC-42A3-9474-1A3956D46DE8}") = "Core", "Core", "{AB230A90-B62F-4437-92D7-0D28ECE0A526}"
EndProject
Project("{2150E333-8FDC-42A3-9474-1A3956D46DE8}") = "Computer", "Computer", "{294EA539-98A1-4FB9-8133-F1F1128974C4}"
EndProject
Project("{2150E333-8FDC-42A3-9474-1A3956D46DE8}") = "Repository", "Repository", "{A750D546-5DFD-4D91-AE6C-C6ADAC3A089B}"
EndProject
Project("{2150E333-8FDC-42A3-9474-1A3956D46DE8}") = "Infrastructure", "Infrastructure", "{8DDB39AB-E2CC-41CD-B5EC-AD43DB47FDAD}"
EndProject
Project("{2150E333-8FDC-42A3-9474-1A3956D46DE8}") = "Service", "Service", "{A1B16A1B-1AFB-4ABE-832C-F45064ADC8D5}"
EndProject
Project("{FAE04EC0-301F-11D3-BF4B-00C04F79EFBC}") = "AzureQueueDemo.Computer", "Computer\AzureQueueDemo.Computer\AzureQueueDemo.Computer.csproj", "{2B840F4A-78B1-4F3C-A332-414AE285CC3F}"
EndProject
Project("{FAE04EC0-301F-11D3-BF4B-00C04F79EFBC}") = "AzureQueueDemo.Core.Models", "Core\AzureQueueDemo.Core.Models\AzureQueueDemo.Core.Models.csproj", "{934D3472-C8B2-4B71-B07D-8881336C86F4}"
EndProject
Project("{FAE04EC0-301F-11D3-BF4B-00C04F79EFBC}") = "AzureQueueDemo.UI.Web", "UI\AzureQueueDemo.UI.Web\AzureQueueDemo.UI.Web.csproj", "{1656EEA7-4BA1-4713-BE2C-4C347BBD09E1}"
EndProject
Project("{FAE04EC0-301F-11D3-BF4B-00C04F79EFBC}") = "AzureQueueDemo.Repository.Interface", "Repository\AzureQueueDemo.Repository.Interface\AzureQueueDemo.Repository.Interface.csproj", "{72BAF3C7-779B-4E85-9132-7384577923E3}"
EndProject
Project("{CC5FD16D-436D-48AD-A40C-5A424C6E3E79}") = "AzureQueueDemo.Infrastructure.Cloud", "Infrastructure\AzureQueueDemo.Infrastructure.Cloud\AzureQueueDemo.Infrastructure.Cloud.ccproj", "{DC11C421-6F64-43A8-AFBE-ABC47EFB3831}"
EndProject
Project("{FAE04EC0-301F-11D3-BF4B-00C04F79EFBC}") = "AzureQueueDemo.Repository.Data", "Repository\AzureQueueDemo.Repository.Data\AzureQueueDemo.Repository.Data.csproj", "{A1A1C0B0-45C8-45A8-94F0-A5D8F592D358}"
EndProject
Project("{2150E333-8FDC-42A3-9474-1A3956D46DE8}") = "Storage", "Storage", "{CD049F8D-9A75-4EDC-83D9-762C2B5E82B4}"
EndProject
Project("{FAE04EC0-301F-11D3-BF4B-00C04F79EFBC}") = "AzureQueueDemo.Storage.Interface", "AzureQueueDemo.Storage.Interface\AzureQueueDemo.Storage.Interface.csproj", "{E4992C0C-554F-41E0-83FF-12DE470AA85F}"
EndProject
Project("{FAE04EC0-301F-11D3-BF4B-00C04F79EFBC}") = "AzureQueueDemo.Storage.Service", "Storage\AzureQueueDemo.Storage.Service\AzureQueueDemo.Storage.Service.csproj", "{600D5901-3E3D-4FDE-B06F-4568223D9628}"
EndProject
Global
	GlobalSection(SolutionConfigurationPlatforms) = preSolution
		Debug|Any CPU = Debug|Any CPU
		Release|Any CPU = Release|Any CPU
	EndGlobalSection
	GlobalSection(ProjectConfigurationPlatforms) = postSolution
		{2B840F4A-78B1-4F3C-A332-414AE285CC3F}.Debug|Any CPU.ActiveCfg = Debug|Any CPU
		{2B840F4A-78B1-4F3C-A332-414AE285CC3F}.Debug|Any CPU.Build.0 = Debug|Any CPU
		{2B840F4A-78B1-4F3C-A332-414AE285CC3F}.Release|Any CPU.ActiveCfg = Release|Any CPU
		{2B840F4A-78B1-4F3C-A332-414AE285CC3F}.Release|Any CPU.Build.0 = Release|Any CPU
		{934D3472-C8B2-4B71-B07D-8881336C86F4}.Debug|Any CPU.ActiveCfg = Debug|Any CPU
		{934D3472-C8B2-4B71-B07D-8881336C86F4}.Debug|Any CPU.Build.0 = Debug|Any CPU
		{934D3472-C8B2-4B71-B07D-8881336C86F4}.Release|Any CPU.ActiveCfg = Release|Any CPU
		{934D3472-C8B2-4B71-B07D-8881336C86F4}.Release|Any CPU.Build.0 = Release|Any CPU
		{1656EEA7-4BA1-4713-BE2C-4C347BBD09E1}.Debug|Any CPU.ActiveCfg = Debug|Any CPU
		{1656EEA7-4BA1-4713-BE2C-4C347BBD09E1}.Debug|Any CPU.Build.0 = Debug|Any CPU
		{1656EEA7-4BA1-4713-BE2C-4C347BBD09E1}.Release|Any CPU.ActiveCfg = Release|Any CPU
		{1656EEA7-4BA1-4713-BE2C-4C347BBD09E1}.Release|Any CPU.Build.0 = Release|Any CPU
		{72BAF3C7-779B-4E85-9132-7384577923E3}.Debug|Any CPU.ActiveCfg = Debug|Any CPU
		{72BAF3C7-779B-4E85-9132-7384577923E3}.Debug|Any CPU.Build.0 = Debug|Any CPU
		{72BAF3C7-779B-4E85-9132-7384577923E3}.Release|Any CPU.ActiveCfg = Release|Any CPU
		{72BAF3C7-779B-4E85-9132-7384577923E3}.Release|Any CPU.Build.0 = Release|Any CPU
		{DC11C421-6F64-43A8-AFBE-ABC47EFB3831}.Debug|Any CPU.ActiveCfg = Debug|Any CPU
		{DC11C421-6F64-43A8-AFBE-ABC47EFB3831}.Debug|Any CPU.Build.0 = Debug|Any CPU
		{DC11C421-6F64-43A8-AFBE-ABC47EFB3831}.Release|Any CPU.ActiveCfg = Release|Any CPU
		{DC11C421-6F64-43A8-AFBE-ABC47EFB3831}.Release|Any CPU.Build.0 = Release|Any CPU
		{A1A1C0B0-45C8-45A8-94F0-A5D8F592D358}.Debug|Any CPU.ActiveCfg = Debug|Any CPU
		{A1A1C0B0-45C8-45A8-94F0-A5D8F592D358}.Debug|Any CPU.Build.0 = Debug|Any CPU
		{A1A1C0B0-45C8-45A8-94F0-A5D8F592D358}.Release|Any CPU.ActiveCfg = Release|Any CPU
		{A1A1C0B0-45C8-45A8-94F0-A5D8F592D358}.Release|Any CPU.Build.0 = Release|Any CPU
		{E4992C0C-554F-41E0-83FF-12DE470AA85F}.Debug|Any CPU.ActiveCfg = Debug|Any CPU
		{E4992C0C-554F-41E0-83FF-12DE470AA85F}.Debug|Any CPU.Build.0 = Debug|Any CPU
		{E4992C0C-554F-41E0-83FF-12DE470AA85F}.Release|Any CPU.ActiveCfg = Release|Any CPU
		{E4992C0C-554F-41E0-83FF-12DE470AA85F}.Release|Any CPU.Build.0 = Release|Any CPU
		{600D5901-3E3D-4FDE-B06F-4568223D9628}.Debug|Any CPU.ActiveCfg = Debug|Any CPU
		{600D5901-3E3D-4FDE-B06F-4568223D9628}.Debug|Any CPU.Build.0 = Debug|Any CPU
		{600D5901-3E3D-4FDE-B06F-4568223D9628}.Release|Any CPU.ActiveCfg = Release|Any CPU
		{600D5901-3E3D-4FDE-B06F-4568223D9628}.Release|Any CPU.Build.0 = Release|Any CPU
	EndGlobalSection
	GlobalSection(SolutionProperties) = preSolution
		HideSolutionNode = FALSE
	EndGlobalSection
	GlobalSection(NestedProjects) = preSolution
		{1656EEA7-4BA1-4713-BE2C-4C347BBD09E1} = {1EA4B090-A57E-437E-AB2A-ACCC3F550988}
		{934D3472-C8B2-4B71-B07D-8881336C86F4} = {AB230A90-B62F-4437-92D7-0D28ECE0A526}
		{2B840F4A-78B1-4F3C-A332-414AE285CC3F} = {294EA539-98A1-4FB9-8133-F1F1128974C4}
		{72BAF3C7-779B-4E85-9132-7384577923E3} = {A750D546-5DFD-4D91-AE6C-C6ADAC3A089B}
		{A1A1C0B0-45C8-45A8-94F0-A5D8F592D358} = {A750D546-5DFD-4D91-AE6C-C6ADAC3A089B}
		{DC11C421-6F64-43A8-AFBE-ABC47EFB3831} = {8DDB39AB-E2CC-41CD-B5EC-AD43DB47FDAD}
		{E4992C0C-554F-41E0-83FF-12DE470AA85F} = {CD049F8D-9A75-4EDC-83D9-762C2B5E82B4}
		{600D5901-3E3D-4FDE-B06F-4568223D9628} = {CD049F8D-9A75-4EDC-83D9-762C2B5E82B4}
	EndGlobalSection
EndGlobal
